# THIS IS AN AUTOGENERATED FILE. DO NOT EDIT THIS FILE DIRECTLY.
# yarn lockfile v1


bulma-extensions@^6.2.7:
  version "6.2.7"
  resolved "https://registry.yarnpkg.com/bulma-extensions/-/bulma-extensions-6.2.7.tgz#f9f4d1478a7ac1606ae8db1e765aa45e3f12bb31"
  integrity sha512-y3dHsxlCYkuxUg87KKN9H4InM8NCk8tdnrlxLkYak8sd2WQdllg3wP2Nv41lj8X46uPXX2ADP0MO65LlXPHt/Q==

bulma-pricingtable@^0.2.0:
  version "0.2.0"
  resolved "https://registry.yarnpkg.com/bulma-pricingtable/-/bulma-pricingtable-0.2.0.tgz#d4bb5827c6859a4303be1474644d10b1e5a579ed"
  integrity sha512-4feDoGG5kxfzYNo+eplIbofEerO2FjwJgWoTdM1K8frU1eMHzd2Beh0Jo+18Q0N/83l+YxZydxw/xPijbCOsdQ==

bulma@^0.8.0:
  version "0.8.0"
  resolved "https://registry.yarnpkg.com/bulma/-/bulma-0.8.0.tgz#ac1606431703a4761b18a4a2d5cc1fa864a2aece"
  integrity sha512-nhf3rGyiZh/VM7FrSJ/5KeLlfaFkXz0nYcXriynfPH4vVpnxnqyEwaNGdNCVzHyyCA3cHgkQAMpdF/SFbFGZfA==
